
Microsoft Visual Studio Solution File, Format Version 12.00
# Visual Studio Version 17
VisualStudioVersion = 17.0.32112.339
MinimumVisualStudioVersion = 10.0.40219.1
Project("{9A19103F-16F7-4668-BE54-9A1E7A4F7556}") = "ConsoleApp1", "ConsoleApp1.csproj", "{BCC04FCD-0EB0-439C-8F9B-E168BAB77C9E}"
EndProject
Project("{2150E333-8FDC-42A3-9474-1A3956D46DE8}") = "Day4", "Day4", "{95D10076-90C6-433D-919A-E7EEA3E03F84}"
EndProject
Project("{9A19103F-16F7-4668-BE54-9A1E7A4F7556}") = "ConsoleApp2", "..\ConsoleApp2\ConsoleApp2.csproj", "{30C209C8-FDF1-4DD0-8BED-AE84ADFDFF74}"
EndProject
Project("{9A19103F-16F7-4668-BE54-9A1E7A4F7556}") = "ConsoleApp3", "..\ConsoleApp3\ConsoleApp3.csproj", "{5E792A06-BB33-4CD2-AB92-415BF1F022FC}"
EndProject
Project("{9A19103F-16F7-4668-BE54-9A1E7A4F7556}") = "Student-Mangement", "..\Student-Mangement\Student-Mangement.csproj", "{059DC88E-4059-449C-B281-86E2872D9B3C}"
EndProject
Project("{2150E333-8FDC-42A3-9474-1A3956D46DE8}") = "Day5", "Day5", "{9163A5A2-7579-49A6-A6FA-9BC4F75CA9D7}"
EndProject
Project("{9A19103F-16F7-4668-BE54-9A1E7A4F7556}") = "StudentMangementExample2", "..\StudentMangementExample2\StudentMangementExample2.csproj", "{8835BB1D-0647-4ACD-BF9E-2AE427A06559}"
EndProject
Project("{2150E333-8FDC-42A3-9474-1A3956D46DE8}") = "WebAPI", "WebAPI", "{FC7F59A1-C60E-4FD1-B90E-EDA9C7FD7674}"
EndProject
Project("{9A19103F-16F7-4668-BE54-9A1E7A4F7556}") = "WebApplication1", "..\WebApplication1\WebApplication1.csproj", "{0F9D1168-EC76-4645-8247-DDAAF00BF49F}"
EndProject
Project("{2150E333-8FDC-42A3-9474-1A3956D46DE8}") = "WebAPPS", "WebAPPS", "{91990E21-CADD-4DC7-9746-94E09AB40319}"
EndProject
Project("{9A19103F-16F7-4668-BE54-9A1E7A4F7556}") = "Website1", "..\Website1\Website1.csproj", "{01461D59-A969-4AEA-8507-74708A1DE3A1}"
EndProject
Project("{9A19103F-16F7-4668-BE54-9A1E7A4F7556}") = "WebAPI1", "..\WebAPI1\WebAPI1.csproj", "{B957A607-0F4C-4F2C-A3D7-CF09C277E486}"
EndProject
Project("{2150E333-8FDC-42A3-9474-1A3956D46DE8}") = "Day9", "Day9", "{054C5A93-1342-4B38-9CFD-9E713B10C67A}"
EndProject
Project("{FAE04EC0-301F-11D3-BF4B-00C04F79EFBC}") = "FileExample", "..\FileExample\FileExample.csproj", "{E863BBC0-FDB2-4732-87E1-8041569C181F}"
EndProject
Project("{FAE04EC0-301F-11D3-BF4B-00C04F79EFBC}") = "SampleApp1", "..\SampleApp1\SampleApp1.csproj", "{2CF69B1F-B154-441C-BD5E-632DF981212A}"
EndProject
Global
	GlobalSection(SolutionConfigurationPlatforms) = preSolution
		Debug|Any CPU = Debug|Any CPU
		Release|Any CPU = Release|Any CPU
	EndGlobalSection
	GlobalSection(ProjectConfigurationPlatforms) = postSolution
		{BCC04FCD-0EB0-439C-8F9B-E168BAB77C9E}.Debug|Any CPU.ActiveCfg = Debug|Any CPU
		{BCC04FCD-0EB0-439C-8F9B-E168BAB77C9E}.Debug|Any CPU.Build.0 = Debug|Any CPU
		{BCC04FCD-0EB0-439C-8F9B-E168BAB77C9E}.Release|Any CPU.ActiveCfg = Release|Any CPU
		{BCC04FCD-0EB0-439C-8F9B-E168BAB77C9E}.Release|Any CPU.Build.0 = Release|Any CPU
		{30C209C8-FDF1-4DD0-8BED-AE84ADFDFF74}.Debug|Any CPU.ActiveCfg = Debug|Any CPU
		{30C209C8-FDF1-4DD0-8BED-AE84ADFDFF74}.Debug|Any CPU.Build.0 = Debug|Any CPU
		{30C209C8-FDF1-4DD0-8BED-AE84ADFDFF74}.Release|Any CPU.ActiveCfg = Release|Any CPU
		{30C209C8-FDF1-4DD0-8BED-AE84ADFDFF74}.Release|Any CPU.Build.0 = Release|Any CPU
		{5E792A06-BB33-4CD2-AB92-415BF1F022FC}.Debug|Any CPU.ActiveCfg = Debug|Any CPU
		{5E792A06-BB33-4CD2-AB92-415BF1F022FC}.Debug|Any CPU.Build.0 = Debug|Any CPU
		{5E792A06-BB33-4CD2-AB92-415BF1F022FC}.Release|Any CPU.ActiveCfg = Release|Any CPU
		{5E792A06-BB33-4CD2-AB92-415BF1F022FC}.Release|Any CPU.Build.0 = Release|Any CPU
		{059DC88E-4059-449C-B281-86E2872D9B3C}.Debug|Any CPU.ActiveCfg = Debug|Any CPU
		{059DC88E-4059-449C-B281-86E2872D9B3C}.Debug|Any CPU.Build.0 = Debug|Any CPU
		{059DC88E-4059-449C-B281-86E2872D9B3C}.Release|Any CPU.ActiveCfg = Release|Any CPU
		{059DC88E-4059-449C-B281-86E2872D9B3C}.Release|Any CPU.Build.0 = Release|Any CPU
		{8835BB1D-0647-4ACD-BF9E-2AE427A06559}.Debug|Any CPU.ActiveCfg = Debug|Any CPU
		{8835BB1D-0647-4ACD-BF9E-2AE427A06559}.Debug|Any CPU.Build.0 = Debug|Any CPU
		{8835BB1D-0647-4ACD-BF9E-2AE427A06559}.Release|Any CPU.ActiveCfg = Release|Any CPU
		{8835BB1D-0647-4ACD-BF9E-2AE427A06559}.Release|Any CPU.Build.0 = Release|Any CPU
		{0F9D1168-EC76-4645-8247-DDAAF00BF49F}.Debug|Any CPU.ActiveCfg = Debug|Any CPU
		{0F9D1168-EC76-4645-8247-DDAAF00BF49F}.Debug|Any CPU.Build.0 = Debug|Any CPU
		{0F9D1168-EC76-4645-8247-DDAAF00BF49F}.Release|Any CPU.ActiveCfg = Release|Any CPU
		{0F9D1168-EC76-4645-8247-DDAAF00BF49F}.Release|Any CPU.Build.0 = Release|Any CPU
		{01461D59-A969-4AEA-8507-74708A1DE3A1}.Debug|Any CPU.ActiveCfg = Debug|Any CPU
		{01461D59-A969-4AEA-8507-74708A1DE3A1}.Debug|Any CPU.Build.0 = Debug|Any CPU
		{01461D59-A969-4AEA-8507-74708A1DE3A1}.Release|Any CPU.ActiveCfg = Release|Any CPU
		{01461D59-A969-4AEA-8507-74708A1DE3A1}.Release|Any CPU.Build.0 = Release|Any CPU
		{B957A607-0F4C-4F2C-A3D7-CF09C277E486}.Debug|Any CPU.ActiveCfg = Debug|Any CPU
		{B957A607-0F4C-4F2C-A3D7-CF09C277E486}.Debug|Any CPU.Build.0 = Debug|Any CPU
		{B957A607-0F4C-4F2C-A3D7-CF09C277E486}.Release|Any CPU.ActiveCfg = Release|Any CPU
		{B957A607-0F4C-4F2C-A3D7-CF09C277E486}.Release|Any CPU.Build.0 = Release|Any CPU
		{E863BBC0-FDB2-4732-87E1-8041569C181F}.Debug|Any CPU.ActiveCfg = Debug|Any CPU
		{E863BBC0-FDB2-4732-87E1-8041569C181F}.Debug|Any CPU.Build.0 = Debug|Any CPU
		{E863BBC0-FDB2-4732-87E1-8041569C181F}.Release|Any CPU.ActiveCfg = Release|Any CPU
		{E863BBC0-FDB2-4732-87E1-8041569C181F}.Release|Any CPU.Build.0 = Release|Any CPU
		{2CF69B1F-B154-441C-BD5E-632DF981212A}.Debug|Any CPU.ActiveCfg = Debug|Any CPU
		{2CF69B1F-B154-441C-BD5E-632DF981212A}.Debug|Any CPU.Build.0 = Debug|Any CPU
		{2CF69B1F-B154-441C-BD5E-632DF981212A}.Release|Any CPU.ActiveCfg = Release|Any CPU
		{2CF69B1F-B154-441C-BD5E-632DF981212A}.Release|Any CPU.Build.0 = Release|Any CPU
	EndGlobalSection
	GlobalSection(SolutionProperties) = preSolution
		HideSolutionNode = FALSE
	EndGlobalSection
	GlobalSection(NestedProjects) = preSolution
		{30C209C8-FDF1-4DD0-8BED-AE84ADFDFF74} = {95D10076-90C6-433D-919A-E7EEA3E03F84}
		{5E792A06-BB33-4CD2-AB92-415BF1F022FC} = {95D10076-90C6-433D-919A-E7EEA3E03F84}
		{059DC88E-4059-449C-B281-86E2872D9B3C} = {95D10076-90C6-433D-919A-E7EEA3E03F84}
		{8835BB1D-0647-4ACD-BF9E-2AE427A06559} = {9163A5A2-7579-49A6-A6FA-9BC4F75CA9D7}
		{0F9D1168-EC76-4645-8247-DDAAF00BF49F} = {FC7F59A1-C60E-4FD1-B90E-EDA9C7FD7674}
		{01461D59-A969-4AEA-8507-74708A1DE3A1} = {91990E21-CADD-4DC7-9746-94E09AB40319}
		{B957A607-0F4C-4F2C-A3D7-CF09C277E486} = {FC7F59A1-C60E-4FD1-B90E-EDA9C7FD7674}
		{E863BBC0-FDB2-4732-87E1-8041569C181F} = {054C5A93-1342-4B38-9CFD-9E713B10C67A}
		{2CF69B1F-B154-441C-BD5E-632DF981212A} = {91990E21-CADD-4DC7-9746-94E09AB40319}
	EndGlobalSection
	GlobalSection(ExtensibilityGlobals) = postSolution
		SolutionGuid = {25BCB05B-C8F6-4557-9E8A-161AB02E1F94}
	EndGlobalSection
EndGlobal
