
Microsoft Visual Studio Solution File, Format Version 12.00
# Visual Studio Version 17
VisualStudioVersion = 17.0.32112.339
MinimumVisualStudioVersion = 10.0.40219.1
Project("{FAE04EC0-301F-11D3-BF4B-00C04F79EFBC}") = "ConsoleApp1", "ConsoleApp1.csproj", "{BCC04FCD-0EB0-439C-8F9B-E168BAB77C9E}"
EndProject
Project("{2150E333-8FDC-42A3-9474-1A3956D46DE8}") = "Day4", "Day4", "{95D10076-90C6-433D-919A-E7EEA3E03F84}"
EndProject
Project("{FAE04EC0-301F-11D3-BF4B-00C04F79EFBC}") = "ConsoleApp2", "..\ConsoleApp2\ConsoleApp2.csproj", "{30C209C8-FDF1-4DD0-8BED-AE84ADFDFF74}"
EndProject
Project("{FAE04EC0-301F-11D3-BF4B-00C04F79EFBC}") = "ConsoleApp3", "..\ConsoleApp3\ConsoleApp3.csproj", "{5E792A06-BB33-4CD2-AB92-415BF1F022FC}"
EndProject
Project("{FAE04EC0-301F-11D3-BF4B-00C04F79EFBC}") = "Student-Mangement", "..\Student-Mangement\Student-Mangement.csproj", "{059DC88E-4059-449C-B281-86E2872D9B3C}"
EndProject
Global
	GlobalSection(SolutionConfigurationPlatforms) = preSolution
		Debug|Any CPU = Debug|Any CPU
		Release|Any CPU = Release|Any CPU
	EndGlobalSection
	GlobalSection(ProjectConfigurationPlatforms) = postSolution
		{BCC04FCD-0EB0-439C-8F9B-E168BAB77C9E}.Debug|Any CPU.ActiveCfg = Debug|Any CPU
		{BCC04FCD-0EB0-439C-8F9B-E168BAB77C9E}.Debug|Any CPU.Build.0 = Debug|Any CPU
		{BCC04FCD-0EB0-439C-8F9B-E168BAB77C9E}.Release|Any CPU.ActiveCfg = Release|Any CPU
		{BCC04FCD-0EB0-439C-8F9B-E168BAB77C9E}.Release|Any CPU.Build.0 = Release|Any CPU
		{30C209C8-FDF1-4DD0-8BED-AE84ADFDFF74}.Debug|Any CPU.ActiveCfg = Debug|Any CPU
		{30C209C8-FDF1-4DD0-8BED-AE84ADFDFF74}.Debug|Any CPU.Build.0 = Debug|Any CPU
		{30C209C8-FDF1-4DD0-8BED-AE84ADFDFF74}.Release|Any CPU.ActiveCfg = Release|Any CPU
		{30C209C8-FDF1-4DD0-8BED-AE84ADFDFF74}.Release|Any CPU.Build.0 = Release|Any CPU
		{5E792A06-BB33-4CD2-AB92-415BF1F022FC}.Debug|Any CPU.ActiveCfg = Debug|Any CPU
		{5E792A06-BB33-4CD2-AB92-415BF1F022FC}.Debug|Any CPU.Build.0 = Debug|Any CPU
		{5E792A06-BB33-4CD2-AB92-415BF1F022FC}.Release|Any CPU.ActiveCfg = Release|Any CPU
		{5E792A06-BB33-4CD2-AB92-415BF1F022FC}.Release|Any CPU.Build.0 = Release|Any CPU
		{059DC88E-4059-449C-B281-86E2872D9B3C}.Debug|Any CPU.ActiveCfg = Debug|Any CPU
		{059DC88E-4059-449C-B281-86E2872D9B3C}.Debug|Any CPU.Build.0 = Debug|Any CPU
		{059DC88E-4059-449C-B281-86E2872D9B3C}.Release|Any CPU.ActiveCfg = Release|Any CPU
		{059DC88E-4059-449C-B281-86E2872D9B3C}.Release|Any CPU.Build.0 = Release|Any CPU
	EndGlobalSection
	GlobalSection(SolutionProperties) = preSolution
		HideSolutionNode = FALSE
	EndGlobalSection
	GlobalSection(NestedProjects) = preSolution
		{30C209C8-FDF1-4DD0-8BED-AE84ADFDFF74} = {95D10076-90C6-433D-919A-E7EEA3E03F84}
		{5E792A06-BB33-4CD2-AB92-415BF1F022FC} = {95D10076-90C6-433D-919A-E7EEA3E03F84}
		{059DC88E-4059-449C-B281-86E2872D9B3C} = {95D10076-90C6-433D-919A-E7EEA3E03F84}
	EndGlobalSection
	GlobalSection(ExtensibilityGlobals) = postSolution
		SolutionGuid = {25BCB05B-C8F6-4557-9E8A-161AB02E1F94}
	EndGlobalSection
EndGlobal
